// !$*UTF8*$!
{
	archiveVersion = 1;
	classes = {
	};
	objectVersion = 46;
	objects = {

/* Begin PBXBuildFile section */
		246F97EC1C15EA2500DAE23E /* AppDelegate.swift in Sources */ = {isa = PBXBuildFile; fileRef = 246F97EB1C15EA2500DAE23E /* AppDelegate.swift */; };
		246F97EE1C15EA2500DAE23E /* ViewController.swift in Sources */ = {isa = PBXBuildFile; fileRef = 246F97ED1C15EA2500DAE23E /* ViewController.swift */; };
		246F97F11C15EA2500DAE23E /* Main.storyboard in Resources */ = {isa = PBXBuildFile; fileRef = 246F97EF1C15EA2500DAE23E /* Main.storyboard */; };
		246F97F31C15EA2500DAE23E /* Assets.xcassets in Resources */ = {isa = PBXBuildFile; fileRef = 246F97F21C15EA2500DAE23E /* Assets.xcassets */; };
		246F97F61C15EA2500DAE23E /* LaunchScreen.storyboard in Resources */ = {isa = PBXBuildFile; fileRef = 246F97F41C15EA2500DAE23E /* LaunchScreen.storyboard */; };
/* End PBXBuildFile section */

/* Begin PBXFileReference section */
		246F97E81C15EA2500DAE23E /* redditJson.app */ = {isa = PBXFileReference; explicitFileType = wrapper.application; includeInIndex = 0; path = redditJson.app; sourceTree = BUILT_PRODUCTS_DIR; };
		246F97EB1C15EA2500DAE23E /* AppDelegate.swift */ = {isa = PBXFileReference; lastKnownFileType = sourcecode.swift; path = AppDelegate.swift; sourceTree = "<group>"; };
		246F97ED1C15EA2500DAE23E /* ViewController.swift */ = {isa = PBXFileReference; lastKnownFileType = sourcecode.swift; path = ViewController.swift; sourceTree = "<group>"; };
		246F97F01C15EA2500DAE23E /* Base */ = {isa = PBXFileReference; lastKnownFileType = file.storyboard; name = Base; path = Base.lproj/Main.storyboard; sourceTree = "<group>"; };
		246F97F21C15EA2500DAE23E /* Assets.xcassets */ = {isa = PBXFileReference; lastKnownFileType = folder.assetcatalog; path = Assets.xcassets; sourceTree = "<group>"; };
		246F97F51C15EA2500DAE23E /* Base */ = {isa = PBXFileReference; lastKnownFileType = file.storyboard; name = Base; path = Base.lproj/LaunchScreen.storyboard; sourceTree = "<group>"; };
		246F97F71C15EA2500DAE23E /* Info.plist */ = {isa = PBXFileReference; lastKnownFileType = text.plist.xml; path = Info.plist; sourceTree = "<group>"; };
/* End PBXFileReference section */

/* Begin PBXFrameworksBuildPhase section */
		246F97E51C15EA2500DAE23E /* Frameworks */ = {
			isa = PBXFrameworksBuildPhase;
			buildActionMask = 2147483647;
			files = (
			);
			runOnlyForDeploymentPostprocessing = 0;
		};
/* End PBXFrameworksBuildPhase section */

/* Begin PBXGroup section */
		246F97DF1C15EA2500DAE23E = {
			isa = PBXGroup;
			children = (
				246F97EA1C15EA2500DAE23E /* redditJson */,
				246F97E91C15EA2500DAE23E /* Products */,
			);
			sourceTree = "<group>";
		};
		246F97E91C15EA2500DAE23E /* Products */ = {
			isa = PBXGroup;
			children = (
				246F97E81C15EA2500DAE23E /* redditJson.app */,
			);
			name = Products;
			sourceTree = "<group>";
		};
		246F97EA1C15EA2500DAE23E /* redditJson */ = {
			isa = PBXGroup;
			children = (
				246F97EB1C15EA2500DAE23E /* AppDelegate.swift */,
				246F97ED1C15EA2500DAE23E /* ViewController.swift */,
				246F97EF1C15EA2500DAE23E /* Main.storyboard */,
				246F97F21C15EA2500DAE23E /* Assets.xcassets */,
				246F97F41C15EA2500DAE23E /* LaunchScreen.storyboard */,
				246F97F71C15EA2500DAE23E /* Info.plist */,
			);
			path = redditJson;
			sourceTree = "<group>";
		};
/* End PBXGroup section */

/* Begin PBXNativeTarget section */
		246F97E71C15EA2500DAE23E /* redditJson */ = {
			isa = PBXNativeTarget;
			buildConfigurationList = 246F97FA1C15EA2500DAE23E /* Build configuration list for PBXNativeTarget "redditJson" */;
			buildPhases = (
				246F97E41C15EA2500DAE23E /* Sources */,
				246F97E51C15EA2500DAE23E /* Frameworks */,
				246F97E61C15EA2500DAE23E /* Resources */,
			);
			buildRules = (
			);
			dependencies = (
			);
			name = redditJson;
			productName = redditJson;
			productReference = 246F97E81C15EA2500DAE23E /* redditJson.app */;
			productType = "com.apple.product-type.application";
		};
/* End PBXNativeTarget section */

/* Begin PBXProject section */
		246F97E01C15EA2500DAE23E /* Project object */ = {
			isa = PBXProject;
			attributes = {
				LastSwiftUpdateCheck = 0710;
				LastUpgradeCheck = 0710;
				ORGANIZATIONNAME = "Skyler Tanner";
				TargetAttributes = {
					246F97E71C15EA2500DAE23E = {
						CreatedOnToolsVersion = 7.1.1;
					};
				};
			};
			buildConfigurationList = 246F97E31C15EA2500DAE23E /* Build configuration list for PBXProject "redditJson" */;
			compatibilityVersion = "Xcode 3.2";
			developmentRegion = English;
			hasScannedForEncodings = 0;
			knownRegions = (
				en,
				Base,
			);
			mainGroup = 246F97DF1C15EA2500DAE23E;
			productRefGroup = 246F97E91C15EA2500DAE23E /* Products */;
			projectDirPath = "";
			projectRoot = "";
			targets = (
				246F97E71C15EA2500DAE23E /* redditJson */,
			);
		};
/* End PBXProject section */

/* Begin PBXResourcesBuildPhase section */
		246F97E61C15EA2500DAE23E /* Resources */ = {
			isa = PBXResourcesBuildPhase;
			buildActionMask = 2147483647;
			files = (
				246F97F61C15EA2500DAE23E /* LaunchScreen.storyboard in Resources */,
				246F97F31C15EA2500DAE23E /* Assets.xcassets in Resources */,
				246F97F11C15EA2500DAE23E /* Main.storyboard in Resources */,
			);
			runOnlyForDeploymentPostprocessing = 0;
		};
/* End PBXResourcesBuildPhase section */

/* Begin PBXSourcesBuildPhase section */
		246F97E41C15EA2500DAE23E /* Sources */ = {
			isa = PBXSourcesBuildPhase;
			buildActionMask = 2147483647;
			files = (
				246F97EE1C15EA2500DAE23E /* ViewController.swift in Sources */,
				246F97EC1C15EA2500DAE23E /* AppDelegate.swift in Sources */,
			);
			runOnlyForDeploymentPostprocessing = 0;
		};
/* End PBXSourcesBuildPhase section */

/* Begin PBXVariantGroup section */
		246F97EF1C15EA2500DAE23E /* Main.storyboard */ = {
			isa = PBXVariantGroup;
			children = (
				246F97F01C15EA2500DAE23E /* Base */,
			);
			name = Main.storyboard;
			sourceTree = "<group>";
		};
		246F97F41C15EA2500DAE23E /* LaunchScreen.storyboard */ = {
			isa = PBXVariantGroup;
			children = (
				246F97F51C15EA2500DAE23E /* Base */,
			);
			name = LaunchScreen.storyboard;
			sourceTree = "<group>";
		};
/* End PBXVariantGroup section */

/* Begin XCBuildConfiguration section */
		246F97F81C15EA2500DAE23E /* Debug */ = {
			isa = XCBuildConfiguration;
			buildSettings = {
				ALWAYS_SEARCH_USER_PATHS = NO;
				CLANG_CXX_LANGUAGE_STANDARD = "gnu++0x";
				CLANG_CXX_LIBRARY = "libc++";
				CLANG_ENABLE_MODULES = YES;
				CLANG_ENABLE_OBJC_ARC = YES;
				CLANG_WARN_BOOL_CONVERSION = YES;
				CLANG_WARN_CONSTANT_CONVERSION = YES;
				CLANG_WARN_DIRECT_OBJC_ISA_USAGE = YES_ERROR;
				CLANG_WARN_EMPTY_BODY = YES;
				CLANG_WARN_ENUM_CONVERSION = YES;
				CLANG_WARN_INT_CONVERSION = YES;
				CLANG_WARN_OBJC_ROOT_CLASS = YES_ERROR;
				CLANG_WARN_UNREACHABLE_CODE = YES;
				CLANG_WARN__DUPLICATE_METHOD_MATCH = YES;
				"CODE_SIGN_IDENTITY[sdk=iphoneos*]" = "iPhone Developer";
				COPY_PHASE_STRIP = NO;
				DEBUG_INFORMATION_FORMAT = dwarf;
				ENABLE_STRICT_OBJC_MSGSEND = YES;
				ENABLE_TESTABILITY = YES;
				GCC_C_LANGUAGE_STANDARD = gnu99;
				GCC_DYNAMIC_NO_PIC = NO;
				GCC_NO_COMMON_BLOCKS = YES;
				GCC_OPTIMIZATION_LEVEL = 0;
				GCC_PREPROCESSOR_DEFINITIONS = (
					"DEBUG=1",
					"$(inherited)",
				);
				GCC_WARN_64_TO_32_BIT_CONVERSION = YES;
				GCC_WARN_ABOUT_RETURN_TYPE = YES_ERROR;
				GCC_WARN_UNDECLARED_SELECTOR = YES;
				GCC_WARN_UNINITIALIZED_AUTOS = YES_AGGRESSIVE;
				GCC_WARN_UNUSED_FUNCTION = YES;
				GCC_WARN_UNUSED_VARIABLE = YES;
				IPHONEOS_DEPLOYMENT_TARGET = 9.1;
				MTL_ENABLE_DEBUG_INFO = YES;
				ONLY_ACTIVE_ARCH = YES;
				SDKROOT = iphoneos;
				SWIFT_OPTIMIZATION_LEVEL = "-Onone";
				TARGETED_DEVICE_FAMILY = "1,2";
			};
			name = Debug;
		};
		246F97F91C15EA2500DAE23E /* Release */ = {
			isa = XCBuildConfiguration;
			buildSettings = {
				ALWAYS_SEARCH_USER_PATHS = NO;
				CLANG_CXX_LANGUAGE_STANDARD = "gnu++0x";
				CLANG_CXX_LIBRARY = "libc++";
				CLANG_ENABLE_MODULES = YES;
				CLANG_ENABLE_OBJC_ARC = YES;
				CLANG_WARN_BOOL_CONVERSION = YES;
				CLANG_WARN_CONSTANT_CONVERSION = YES;
				CLANG_WARN_DIRECT_OBJC_ISA_USAGE = YES_ERROR;
				CLANG_WARN_EMPTY_BODY = YES;
				CLANG_WARN_ENUM_CONVERSION = YES;
				CLANG_WARN_INT_CONVERSION = YES;
				CLANG_WARN_OBJC_ROOT_CLASS = YES_ERROR;
				CLANG_WARN_UNREACHABLE_CODE = YES;
				CLANG_WARN__DUPLICATE_METHOD_MATCH = YES;
				"CODE_SIGN_IDENTITY[sdk=iphoneos*]" = "iPhone Developer";
				COPY_PHASE_STRIP = NO;
				DEBUG_INFORMATION_FORMAT = "dwarf-with-dsym";
				ENABLE_NS_ASSERTIONS = NO;
				ENABLE_STRICT_OBJC_MSGSEND = YES;
				GCC_C_LANGUAGE_STANDARD = gnu99;
				GCC_NO_COMMON_BLOCKS = YES;
				GCC_WARN_64_TO_32_BIT_CONVERSION = YES;
				GCC_WARN_ABOUT_RETURN_TYPE = YES_ERROR;
				GCC_WARN_UNDECLARED_SELECTOR = YES;
				GCC_WARN_UNINITIALIZED_AUTOS = YES_AGGRESSIVE;
				GCC_WARN_UNUSED_FUNCTION = YES;
				GCC_WARN_UNUSED_VARIABLE = YES;
				IPHONEOS_DEPLOYMENT_TARGET = 9.1;
				MTL_ENABLE_DEBUG_INFO = NO;
				SDKROOT = iphoneos;
				TARGETED_DEVICE_FAMILY = "1,2";
				VALIDATE_PRODUCT = YES;
			};
			name = Release;
		};
		246F97FB1C15EA2500DAE23E /* Debug */ = {
			isa = XCBuildConfiguration;
			buildSettings = {
				ASSETCATALOG_COMPILER_APPICON_NAME = AppIcon;
				INFOPLIST_FILE = redditJson/Info.plist;
				LD_RUNPATH_SEARCH_PATHS = "$(inherited) @executable_path/Frameworks";
				PRODUCT_BUNDLE_IDENTIFIER = com.SkyTan.redditJson;
				PRODUCT_NAME = "$(TARGET_NAME)";
			};
			name = Debug;
		};
		246F97FC1C15EA2500DAE23E /* Release */ = {
			isa = XCBuildConfiguration;
			buildSettings = {
				ASSETCATALOG_COMPILER_APPICON_NAME = AppIcon;
				INFOPLIST_FILE = redditJson/Info.plist;
				LD_RUNPATH_SEARCH_PATHS = "$(inherited) @executable_path/Frameworks";
				PRODUCT_BUNDLE_IDENTIFIER = com.SkyTan.redditJson;
				PRODUCT_NAME = "$(TARGET_NAME)";
			};
			name = Release;
		};
/* End XCBuildConfiguration section */

/* Begin XCConfigurationList section */
		246F97E31C15EA2500DAE23E /* Build configuration list for PBXProject "redditJson" */ = {
			isa = XCConfigurationList;
			buildConfigurations = (
				246F97F81C15EA2500DAE23E /* Debug */,
				246F97F91C15EA2500DAE23E /* Release */,
			);
			defaultConfigurationIsVisible = 0;
			defaultConfigurationName = Release;
		};
		246F97FA1C15EA2500DAE23E /* Build configuration list for PBXNativeTarget "redditJson" */ = {
			isa = XCConfigurationList;
			buildConfigurations = (
				246F97FB1C15EA2500DAE23E /* Debug */,
				246F97FC1C15EA2500DAE23E /* Release */,
			);
			defaultConfigurationIsVisible = 0;
		};
/* End XCConfigurationList section */
	};
	rootObject = 246F97E01C15EA2500DAE23E /* Project object */;
}
